
Microsoft Visual Studio Solution File, Format Version 12.00
# Visual Studio Version 16
VisualStudioVersion = 16.0.29324.140
MinimumVisualStudioVersion = 10.0.40219.1
Project("{FAE04EC0-301F-11D3-BF4B-00C04F79EFBC}") = "CarDetailingStudio", "CarDetailingStudio\CarDetailingStudio.csproj", "{256D8CA4-95D2-4EBA-8A3F-E8710AD7DF3A}"
EndProject
Project("{FAE04EC0-301F-11D3-BF4B-00C04F79EFBC}") = "CarDetailingStudio.BLL", "CarDetailingStudio.BLL\CarDetailingStudio.BLL.csproj", "{AF8D1052-2886-48A0-B01D-FF428B6A467E}"
EndProject
Project("{FAE04EC0-301F-11D3-BF4B-00C04F79EFBC}") = "CarDetailingStudio.DAL", "CarDetailingStudio.DAL\CarDetailingStudio.DAL.csproj", "{82DBB8F1-9ECF-4B60-A7E3-77C20FD1D8DE}"
EndProject
Global
	GlobalSection(SolutionConfigurationPlatforms) = preSolution
		Debug|Any CPU = Debug|Any CPU
		Release|Any CPU = Release|Any CPU
	EndGlobalSection
	GlobalSection(ProjectConfigurationPlatforms) = postSolution
		{256D8CA4-95D2-4EBA-8A3F-E8710AD7DF3A}.Debug|Any CPU.ActiveCfg = Debug|Any CPU
		{256D8CA4-95D2-4EBA-8A3F-E8710AD7DF3A}.Debug|Any CPU.Build.0 = Debug|Any CPU
		{256D8CA4-95D2-4EBA-8A3F-E8710AD7DF3A}.Release|Any CPU.ActiveCfg = Release|Any CPU
		{256D8CA4-95D2-4EBA-8A3F-E8710AD7DF3A}.Release|Any CPU.Build.0 = Release|Any CPU
		{AF8D1052-2886-48A0-B01D-FF428B6A467E}.Debug|Any CPU.ActiveCfg = Debug|Any CPU
		{AF8D1052-2886-48A0-B01D-FF428B6A467E}.Debug|Any CPU.Build.0 = Debug|Any CPU
		{AF8D1052-2886-48A0-B01D-FF428B6A467E}.Release|Any CPU.ActiveCfg = Release|Any CPU
		{AF8D1052-2886-48A0-B01D-FF428B6A467E}.Release|Any CPU.Build.0 = Release|Any CPU
		{82DBB8F1-9ECF-4B60-A7E3-77C20FD1D8DE}.Debug|Any CPU.ActiveCfg = Debug|Any CPU
		{82DBB8F1-9ECF-4B60-A7E3-77C20FD1D8DE}.Debug|Any CPU.Build.0 = Debug|Any CPU
		{82DBB8F1-9ECF-4B60-A7E3-77C20FD1D8DE}.Release|Any CPU.ActiveCfg = Release|Any CPU
		{82DBB8F1-9ECF-4B60-A7E3-77C20FD1D8DE}.Release|Any CPU.Build.0 = Release|Any CPU
	EndGlobalSection
	GlobalSection(SolutionProperties) = preSolution
		HideSolutionNode = FALSE
	EndGlobalSection
	GlobalSection(ExtensibilityGlobals) = postSolution
		SolutionGuid = {D2764DDE-C789-42C2-B5A1-9D865CD0F40C}
	EndGlobalSection
EndGlobal
